
Microsoft Visual Studio Solution File, Format Version 12.00
# Visual Studio 14
VisualStudioVersion = 14.0.25420.1
MinimumVisualStudioVersion = 10.0.40219.1
Project("{FAE04EC0-301F-11D3-BF4B-00C04F79EFBC}") = "Store", "Store\Store.csproj", "{57FC78DD-C01E-43EC-8CF0-F759BF2ACFE3}"
EndProject
Project("{FAE04EC0-301F-11D3-BF4B-00C04F79EFBC}") = "StoreLibrary", "StoreLibrary\StoreLibrary.csproj", "{F38C274E-E837-4258-AEC1-39414BA7D409}"
EndProject
Project("{FAE04EC0-301F-11D3-BF4B-00C04F79EFBC}") = "temp", "temp\temp.csproj", "{F8ECC1A6-7BDA-422B-9DAE-568B76145D37}"
EndProject
Project("{FAE04EC0-301F-11D3-BF4B-00C04F79EFBC}") = "temp1", "temp1\temp1.csproj", "{CD0C57B7-B58C-44F7-87E0-45E8F5D95E41}"
EndProject
Global
	GlobalSection(SolutionConfigurationPlatforms) = preSolution
		Debug|Any CPU = Debug|Any CPU
		Release|Any CPU = Release|Any CPU
	EndGlobalSection
	GlobalSection(ProjectConfigurationPlatforms) = postSolution
		{57FC78DD-C01E-43EC-8CF0-F759BF2ACFE3}.Debug|Any CPU.ActiveCfg = Debug|Any CPU
		{57FC78DD-C01E-43EC-8CF0-F759BF2ACFE3}.Debug|Any CPU.Build.0 = Debug|Any CPU
		{57FC78DD-C01E-43EC-8CF0-F759BF2ACFE3}.Release|Any CPU.ActiveCfg = Release|Any CPU
		{57FC78DD-C01E-43EC-8CF0-F759BF2ACFE3}.Release|Any CPU.Build.0 = Release|Any CPU
		{F38C274E-E837-4258-AEC1-39414BA7D409}.Debug|Any CPU.ActiveCfg = Debug|Any CPU
		{F38C274E-E837-4258-AEC1-39414BA7D409}.Debug|Any CPU.Build.0 = Debug|Any CPU
		{F38C274E-E837-4258-AEC1-39414BA7D409}.Release|Any CPU.ActiveCfg = Release|Any CPU
		{F38C274E-E837-4258-AEC1-39414BA7D409}.Release|Any CPU.Build.0 = Release|Any CPU
		{F8ECC1A6-7BDA-422B-9DAE-568B76145D37}.Debug|Any CPU.ActiveCfg = Debug|Any CPU
		{F8ECC1A6-7BDA-422B-9DAE-568B76145D37}.Debug|Any CPU.Build.0 = Debug|Any CPU
		{F8ECC1A6-7BDA-422B-9DAE-568B76145D37}.Release|Any CPU.ActiveCfg = Release|Any CPU
		{F8ECC1A6-7BDA-422B-9DAE-568B76145D37}.Release|Any CPU.Build.0 = Release|Any CPU
		{CD0C57B7-B58C-44F7-87E0-45E8F5D95E41}.Debug|Any CPU.ActiveCfg = Debug|Any CPU
		{CD0C57B7-B58C-44F7-87E0-45E8F5D95E41}.Debug|Any CPU.Build.0 = Debug|Any CPU
		{CD0C57B7-B58C-44F7-87E0-45E8F5D95E41}.Release|Any CPU.ActiveCfg = Release|Any CPU
		{CD0C57B7-B58C-44F7-87E0-45E8F5D95E41}.Release|Any CPU.Build.0 = Release|Any CPU
	EndGlobalSection
	GlobalSection(SolutionProperties) = preSolution
		HideSolutionNode = FALSE
	EndGlobalSection
EndGlobal
